
Microsoft Visual Studio Solution File, Format Version 12.00
# Visual Studio Version 18
VisualStudioVersion = 18.0.11222.15
MinimumVisualStudioVersion = 10.0.40219.1
Project("{9A19103F-16F7-4668-BE54-9A1E7A4F7556}") = "Single Responsibility Principle", "Single Responsibility Principle\Single Responsibility Principle.csproj", "{95445B92-B536-4F29-89FE-0E1234975E69}"
EndProject
Project("{9A19103F-16F7-4668-BE54-9A1E7A4F7556}") = "Open-Closed Principle", "Open-Closed Principle\Open-Closed Principle.csproj", "{EC74A4CE-5FF1-4501-804C-1D9B5E7F1EB5}"
EndProject
Project("{9A19103F-16F7-4668-BE54-9A1E7A4F7556}") = "Liskov Substitution Principle", "Liskov Substitution Principle\Liskov Substitution Principle.csproj", "{D1CC568C-6ECC-49E1-8542-DA71225CCD42}"
EndProject
Project("{9A19103F-16F7-4668-BE54-9A1E7A4F7556}") = "Interface Segregation Principle", "Interface Segregation Principle\Interface Segregation Principle.csproj", "{5DA6BD0C-6DDD-41D1-A719-E4683230A367}"
EndProject
Project("{9A19103F-16F7-4668-BE54-9A1E7A4F7556}") = "Dependency Inversion Principle", "Dependency Inversion Principle\Dependency Inversion Principle.csproj", "{C998F157-8ACD-46F2-8AC0-A0750B98F0EE}"
EndProject
Project("{9A19103F-16F7-4668-BE54-9A1E7A4F7556}") = "Builder", "Builder\Builder.csproj", "{ED0249E8-8C9E-4F9F-B776-A8402990D417}"
EndProject
Project("{9A19103F-16F7-4668-BE54-9A1E7A4F7556}") = "Fluent Builder Inheritance with Recursive Generics", "Fluent Builder Inheritance with Recursive Generics\Fluent Builder Inheritance with Recursive Generics.csproj", "{AAFEB5E0-5FA9-4194-953E-FC91CB19C98D}"
EndProject
Project("{2150E333-8FDC-42A3-9474-1A3956D46DE8}") = "Builders", "Builders", "{C89E603C-F944-407D-852F-22F3E4AE1819}"
EndProject
Project("{2150E333-8FDC-42A3-9474-1A3956D46DE8}") = "SOLID", "SOLID", "{A709C3C6-FD0C-4D5D-815B-E70DD700913B}"
EndProject
Project("{9A19103F-16F7-4668-BE54-9A1E7A4F7556}") = "StepwiseBuilder", "StepwiseBuilder\StepwiseBuilder.csproj", "{C824426E-6A8E-4187-A8DB-D9FFBB246DC9}"
EndProject
Project("{9A19103F-16F7-4668-BE54-9A1E7A4F7556}") = "FunctionalBuilder", "FunctionalBuilder\FunctionalBuilder.csproj", "{7FE62D5B-061E-4CD7-9321-166A341C4010}"
EndProject
Project("{2150E333-8FDC-42A3-9474-1A3956D46DE8}") = "Factories", "Factories", "{4F670928-7DB7-4E4E-8093-AFE03FC99360}"
EndProject
Project("{9A19103F-16F7-4668-BE54-9A1E7A4F7556}") = "FactoryMethod", "FactoryMethod\FactoryMethod.csproj", "{14308966-1AAC-40EE-A0ED-74740CEA1A60}"
EndProject
Project("{9A19103F-16F7-4668-BE54-9A1E7A4F7556}") = "AsynchronousFactoryMethod", "AsynchronousFactoryMethod\AsynchronousFactoryMethod.csproj", "{BA5BA78F-8D17-4B8F-A126-7BED13250848}"
EndProject
Project("{9A19103F-16F7-4668-BE54-9A1E7A4F7556}") = "Abstract Factory", "Abstract Factory\Abstract Factory.csproj", "{D0C7CAC4-F53F-49C4-B1AC-AD7EB13BEC76}"
EndProject
Project("{2150E333-8FDC-42A3-9474-1A3956D46DE8}") = "Prototype", "Prototype", "{824DB5EC-AFA0-4AFE-BCEC-BB6DFA3E1924}"
EndProject
Project("{9A19103F-16F7-4668-BE54-9A1E7A4F7556}") = "Prototype", "Prototype\Prototype.csproj", "{C3984E7A-471A-4AFF-B307-3AAA8532348E}"
EndProject
Project("{9A19103F-16F7-4668-BE54-9A1E7A4F7556}") = "PrototypeInheritance", "PrototypeInheritance\PrototypeInheritance.csproj", "{FDDA4E33-60EB-433F-BEF8-4E8EC20F1535}"
EndProject
Project("{9A19103F-16F7-4668-BE54-9A1E7A4F7556}") = "CopyThroughSerialization", "CopyThroughSerialization\CopyThroughSerialization.csproj", "{2D6FA0FE-8111-423A-AFD7-641F6F712F18}"
EndProject
Project("{2150E333-8FDC-42A3-9474-1A3956D46DE8}") = "Singleton", "Singleton", "{AB4734F3-7FD3-4D88-BC04-D1F2BE6014CD}"
EndProject
Project("{9A19103F-16F7-4668-BE54-9A1E7A4F7556}") = "Singleton", "Singleton\Singleton.csproj", "{85BFF4E7-CAE4-4F85-BCAE-CF1AAACBA17C}"
EndProject
Project("{9A19103F-16F7-4668-BE54-9A1E7A4F7556}") = "Monostate", "Monostate\Monostate.csproj", "{F72DCAD8-36CB-4EE2-A320-E1AA3DD23749}"
EndProject
Project("{9A19103F-16F7-4668-BE54-9A1E7A4F7556}") = "Per-ThreadSingleton", "Per-ThreadSingleton\Per-ThreadSingleton.csproj", "{370FC433-94BB-4E9F-AD33-B8DF0CF6A163}"
EndProject
Project("{9A19103F-16F7-4668-BE54-9A1E7A4F7556}") = "AmbientContext", "AmbientContext\AmbientContext.csproj", "{9DF78992-5C92-4313-8E26-724A0772AC9C}"
EndProject
Project("{2150E333-8FDC-42A3-9474-1A3956D46DE8}") = "Adapter", "Adapter", "{3A46677F-0766-4F69-99E9-398B40F62908}"
EndProject
Project("{9A19103F-16F7-4668-BE54-9A1E7A4F7556}") = "VectorRasterDemo", "VectorRasterDemo\VectorRasterDemo.csproj", "{B01E653A-7A2F-4A86-A45B-0B5F23E87BCE}"
EndProject
Project("{9A19103F-16F7-4668-BE54-9A1E7A4F7556}") = "GenericValueAdapter", "GenericValueAdapter#\GenericValueAdapter.csproj", "{C56707C2-4113-456B-BD78-E77BADBB20D1}"
EndProject
Project("{9A19103F-16F7-4668-BE54-9A1E7A4F7556}") = "AdapterDependencyInjection", "AdapterDependencyInjection\AdapterDependencyInjection.csproj", "{CB0FC1AD-D42D-4460-A9C4-303E7288DD1E}"
EndProject
Project("{9A19103F-16F7-4668-BE54-9A1E7A4F7556}") = "Programmierübung-AdapterCodingExercise", "Programmierübung-AdapterCodingExercise\Programmierübung-AdapterCodingExercise.csproj", "{3708668E-9801-4EEF-997C-977B5BE2080F}"
EndProject
Project("{2150E333-8FDC-42A3-9474-1A3956D46DE8}") = "Bridge", "Bridge", "{0EE13EA7-1952-4CFB-B84F-19D826491950}"
EndProject
Project("{9A19103F-16F7-4668-BE54-9A1E7A4F7556}") = "Bridge", "Bridge\Bridge.csproj", "{024CF448-D049-47BA-A094-9EA312CE360A}"
EndProject
Project("{2150E333-8FDC-42A3-9474-1A3956D46DE8}") = "Command", "Command", "{BE7AD40C-EFB9-4120-8CB2-931B37153783}"
EndProject
Project("{9A19103F-16F7-4668-BE54-9A1E7A4F7556}") = "Command", "Command\Command.csproj", "{050600A1-5457-42B8-9BD7-D3314ABB7658}"
EndProject
Project("{9A19103F-16F7-4668-BE54-9A1E7A4F7556}") = "CompositeCommand", "CompositeCommand\CompositeCommand.csproj", "{F38D9C5E-45B9-4760-8996-FCC98E7F0D32}"
EndProject
Project("{2150E333-8FDC-42A3-9474-1A3956D46DE8}") = "Interpreter", "Interpreter", "{D918611B-35E3-432C-82FF-82BE61DC75F8}"
EndProject
Project("{FAE04EC0-301F-11D3-BF4B-00C04F79EFBC}") = "Interpreter", "Interpreter\Interpreter.csproj", "{BF597533-B0CB-463A-A151-492F765588C6}"
EndProject
Project("{2150E333-8FDC-42A3-9474-1A3956D46DE8}") = "Composite", "Composite", "{02EA681E-C7D8-13C7-8484-4AC65E1B71E8}"
EndProject
Project("{FAE04EC0-301F-11D3-BF4B-00C04F79EFBC}") = "CompositeGeometric", "CompositeGeometric\CompositeGeometric.csproj", "{C216B52F-3533-48D7-81B8-1B7444108492}"
EndProject
Project("{FAE04EC0-301F-11D3-BF4B-00C04F79EFBC}") = "NeuralNetwork", "NeuralNetwork\NeuralNetwork.csproj", "{93FC294E-0414-470F-A2CA-A453A63D1397}"
EndProject
Project("{2150E333-8FDC-42A3-9474-1A3956D46DE8}") = "Decorator", "Decorator", "{ADEE5C41-C95E-4E6A-A0C1-3D23FDACB4E1}"
EndProject
Project("{FAE04EC0-301F-11D3-BF4B-00C04F79EFBC}") = "StringBuilder", "StringBuilder\StringBuilder.csproj", "{95417555-4312-46DE-B86A-EE8BB83F8582}"
EndProject
Project("{2150E333-8FDC-42A3-9474-1A3956D46DE8}") = "FlyWeight", "FlyWeight", "{3E1753D5-9AC2-4CA2-9576-C21AC6B7F49E}"
EndProject
Project("{FAE04EC0-301F-11D3-BF4B-00C04F79EFBC}") = "StringFormatter", "StringFormatter\StringFormatter.csproj", "{07B0131B-D23E-48C3-BA1A-7244F3EE6C59}"
EndProject
Project("{2150E333-8FDC-42A3-9474-1A3956D46DE8}") = "Proxy", "Proxy", "{5D2E9B53-A3EF-44EE-9E6A-9270255B19E7}"
EndProject
Project("{FAE04EC0-301F-11D3-BF4B-00C04F79EFBC}") = "ProtectionProxy", "ProtectionProxy\ProtectionProxy.csproj", "{1FCCED07-2173-402F-8C9A-3BEC71F06A80}"
EndProject
Project("{FAE04EC0-301F-11D3-BF4B-00C04F79EFBC}") = "PropertyProxy", "PropertyProxy\PropertyProxy.csproj", "{427585E9-E464-4D0F-A6B0-75DE9D78369E}"
EndProject
Project("{FAE04EC0-301F-11D3-BF4B-00C04F79EFBC}") = "ValueProxy", "ValueProxy\ValueProxy.csproj", "{EF650ADB-2AE1-4114-B246-C3C3939C539B}"
EndProject
Project("{FAE04EC0-301F-11D3-BF4B-00C04F79EFBC}") = "CompositeProxy", "CompositeProxy\CompositeProxy.csproj", "{E84A81B9-2048-40DA-A560-D525DC0943E2}"
EndProject
Project("{FAE04EC0-301F-11D3-BF4B-00C04F79EFBC}") = "CompositeProxyWithArrayBackendProperty", "CompositeProxyWithArrayBackendProperty\CompositeProxyWithArrayBackendProperty.csproj", "{BE2136EA-833D-43B4-B4E1-66999D2A70BE}"
EndProject
Project("{2150E333-8FDC-42A3-9474-1A3956D46DE8}") = "Solution Items", "Solution Items", "{A7A6986A-F9FC-4E9C-9571-CDED45E7C08A}"
EndProject
Project("{FAE04EC0-301F-11D3-BF4B-00C04F79EFBC}") = "Bit Fragging", "Bit Fragging\Bit Fragging.csproj", "{82A099D7-C47D-44EE-A2E2-3CB6DF82AF92}"
EndProject
Project("{2150E333-8FDC-42A3-9474-1A3956D46DE8}") = "Observer", "Observer", "{927629B0-DDCC-44F9-B916-B2E40A0A5ED1}"
EndProject
Project("{FAE04EC0-301F-11D3-BF4B-00C04F79EFBC}") = "Observer", "Observer\Observer.csproj", "{9C297B17-CC74-46BD-9789-F871A8BB43CA}"
EndProject
Project("{FAE04EC0-301F-11D3-BF4B-00C04F79EFBC}") = "DeclarativeEventSubscriptions", "DeclarativeEventSubscriptions\DeclarativeEventSubscriptions.csproj", "{B17AC777-3EFB-4270-8F9F-E7A1073AC2BC}"
EndProject
Project("{2150E333-8FDC-42A3-9474-1A3956D46DE8}") = "State", "State", "{8B0AFEB4-F2BC-492F-9CCD-42750BF5779D}"
EndProject
Project("{FAE04EC0-301F-11D3-BF4B-00C04F79EFBC}") = "ClassicImplementation", "ClassicImplementation\ClassicImplementation.csproj", "{7A433C23-C6E6-41EA-8AFB-5CCB80CBA0DE}"
EndProject
Project("{2150E333-8FDC-42A3-9474-1A3956D46DE8}") = "Mediator", "Mediator", "{2996AC40-784C-44FA-8EC1-5CD2985C70CA}"
EndProject
Project("{FAE04EC0-301F-11D3-BF4B-00C04F79EFBC}") = "ChatRoom", "ChatRoom\ChatRoom.csproj", "{14037CFA-EEAF-42B7-898A-BA47E44B0ED9}"
EndProject
Project("{FAE04EC0-301F-11D3-BF4B-00C04F79EFBC}") = "RxSample", "RxSample\RxSample.csproj", "{8AAF32DE-F6DB-4EF2-86FA-89A2F92FAC51}"
EndProject
Project("{FAE04EC0-301F-11D3-BF4B-00C04F79EFBC}") = "Switch", "Switch\Switch.csproj", "{EF4D4BA2-0232-4392-B6A8-2BFC25B7C430}"
EndProject
Project("{FAE04EC0-301F-11D3-BF4B-00C04F79EFBC}") = "SwitchExpression", "SwitchExpression\SwitchExpression.csproj", "{7C727248-17B6-40DD-9A3E-0F73DDAF1E5F}"
EndProject
Project("{FAE04EC0-301F-11D3-BF4B-00C04F79EFBC}") = "StateMachineWithStateless", "StateMachineWithStateless\StateMachineWithStateless.csproj", "{05F88E44-A8E7-41D5-95EC-51486FBEF8A2}"
EndProject
Project("{2150E333-8FDC-42A3-9474-1A3956D46DE8}") = "Strategy", "Strategy", "{FE8003C7-CC52-46B4-A59F-1696CCB0C979}"
EndProject
Project("{FAE04EC0-301F-11D3-BF4B-00C04F79EFBC}") = "DynamicStrategy", "DynamicStrategy\DynamicStrategy.csproj", "{5A05A701-4CBD-4537-ACCE-DEC03205B871}"
EndProject
Project("{FAE04EC0-301F-11D3-BF4B-00C04F79EFBC}") = "StaticStrategy", "StaticStrategy\StaticStrategy.csproj", "{1BD2BE6E-8966-4223-A13F-2B4943CC22D7}"
EndProject
Global
	GlobalSection(SolutionConfigurationPlatforms) = preSolution
		Debug|Any CPU = Debug|Any CPU
		Release|Any CPU = Release|Any CPU
	EndGlobalSection
	GlobalSection(ProjectConfigurationPlatforms) = postSolution
		{95445B92-B536-4F29-89FE-0E1234975E69}.Debug|Any CPU.ActiveCfg = Debug|Any CPU
		{95445B92-B536-4F29-89FE-0E1234975E69}.Debug|Any CPU.Build.0 = Debug|Any CPU
		{95445B92-B536-4F29-89FE-0E1234975E69}.Release|Any CPU.ActiveCfg = Release|Any CPU
		{95445B92-B536-4F29-89FE-0E1234975E69}.Release|Any CPU.Build.0 = Release|Any CPU
		{EC74A4CE-5FF1-4501-804C-1D9B5E7F1EB5}.Debug|Any CPU.ActiveCfg = Debug|Any CPU
		{EC74A4CE-5FF1-4501-804C-1D9B5E7F1EB5}.Debug|Any CPU.Build.0 = Debug|Any CPU
		{EC74A4CE-5FF1-4501-804C-1D9B5E7F1EB5}.Release|Any CPU.ActiveCfg = Release|Any CPU
		{EC74A4CE-5FF1-4501-804C-1D9B5E7F1EB5}.Release|Any CPU.Build.0 = Release|Any CPU
		{D1CC568C-6ECC-49E1-8542-DA71225CCD42}.Debug|Any CPU.ActiveCfg = Debug|Any CPU
		{D1CC568C-6ECC-49E1-8542-DA71225CCD42}.Debug|Any CPU.Build.0 = Debug|Any CPU
		{D1CC568C-6ECC-49E1-8542-DA71225CCD42}.Release|Any CPU.ActiveCfg = Release|Any CPU
		{D1CC568C-6ECC-49E1-8542-DA71225CCD42}.Release|Any CPU.Build.0 = Release|Any CPU
		{5DA6BD0C-6DDD-41D1-A719-E4683230A367}.Debug|Any CPU.ActiveCfg = Debug|Any CPU
		{5DA6BD0C-6DDD-41D1-A719-E4683230A367}.Debug|Any CPU.Build.0 = Debug|Any CPU
		{5DA6BD0C-6DDD-41D1-A719-E4683230A367}.Release|Any CPU.ActiveCfg = Release|Any CPU
		{5DA6BD0C-6DDD-41D1-A719-E4683230A367}.Release|Any CPU.Build.0 = Release|Any CPU
		{C998F157-8ACD-46F2-8AC0-A0750B98F0EE}.Debug|Any CPU.ActiveCfg = Debug|Any CPU
		{C998F157-8ACD-46F2-8AC0-A0750B98F0EE}.Debug|Any CPU.Build.0 = Debug|Any CPU
		{C998F157-8ACD-46F2-8AC0-A0750B98F0EE}.Release|Any CPU.ActiveCfg = Release|Any CPU
		{C998F157-8ACD-46F2-8AC0-A0750B98F0EE}.Release|Any CPU.Build.0 = Release|Any CPU
		{ED0249E8-8C9E-4F9F-B776-A8402990D417}.Debug|Any CPU.ActiveCfg = Debug|Any CPU
		{ED0249E8-8C9E-4F9F-B776-A8402990D417}.Debug|Any CPU.Build.0 = Debug|Any CPU
		{ED0249E8-8C9E-4F9F-B776-A8402990D417}.Release|Any CPU.ActiveCfg = Release|Any CPU
		{ED0249E8-8C9E-4F9F-B776-A8402990D417}.Release|Any CPU.Build.0 = Release|Any CPU
		{AAFEB5E0-5FA9-4194-953E-FC91CB19C98D}.Debug|Any CPU.ActiveCfg = Debug|Any CPU
		{AAFEB5E0-5FA9-4194-953E-FC91CB19C98D}.Debug|Any CPU.Build.0 = Debug|Any CPU
		{AAFEB5E0-5FA9-4194-953E-FC91CB19C98D}.Release|Any CPU.ActiveCfg = Release|Any CPU
		{AAFEB5E0-5FA9-4194-953E-FC91CB19C98D}.Release|Any CPU.Build.0 = Release|Any CPU
		{C824426E-6A8E-4187-A8DB-D9FFBB246DC9}.Debug|Any CPU.ActiveCfg = Debug|Any CPU
		{C824426E-6A8E-4187-A8DB-D9FFBB246DC9}.Debug|Any CPU.Build.0 = Debug|Any CPU
		{C824426E-6A8E-4187-A8DB-D9FFBB246DC9}.Release|Any CPU.ActiveCfg = Release|Any CPU
		{C824426E-6A8E-4187-A8DB-D9FFBB246DC9}.Release|Any CPU.Build.0 = Release|Any CPU
		{7FE62D5B-061E-4CD7-9321-166A341C4010}.Debug|Any CPU.ActiveCfg = Debug|Any CPU
		{7FE62D5B-061E-4CD7-9321-166A341C4010}.Debug|Any CPU.Build.0 = Debug|Any CPU
		{7FE62D5B-061E-4CD7-9321-166A341C4010}.Release|Any CPU.ActiveCfg = Release|Any CPU
		{7FE62D5B-061E-4CD7-9321-166A341C4010}.Release|Any CPU.Build.0 = Release|Any CPU
		{14308966-1AAC-40EE-A0ED-74740CEA1A60}.Debug|Any CPU.ActiveCfg = Debug|Any CPU
		{14308966-1AAC-40EE-A0ED-74740CEA1A60}.Debug|Any CPU.Build.0 = Debug|Any CPU
		{14308966-1AAC-40EE-A0ED-74740CEA1A60}.Release|Any CPU.ActiveCfg = Release|Any CPU
		{14308966-1AAC-40EE-A0ED-74740CEA1A60}.Release|Any CPU.Build.0 = Release|Any CPU
		{BA5BA78F-8D17-4B8F-A126-7BED13250848}.Debug|Any CPU.ActiveCfg = Debug|Any CPU
		{BA5BA78F-8D17-4B8F-A126-7BED13250848}.Debug|Any CPU.Build.0 = Debug|Any CPU
		{BA5BA78F-8D17-4B8F-A126-7BED13250848}.Release|Any CPU.ActiveCfg = Release|Any CPU
		{BA5BA78F-8D17-4B8F-A126-7BED13250848}.Release|Any CPU.Build.0 = Release|Any CPU
		{D0C7CAC4-F53F-49C4-B1AC-AD7EB13BEC76}.Debug|Any CPU.ActiveCfg = Debug|Any CPU
		{D0C7CAC4-F53F-49C4-B1AC-AD7EB13BEC76}.Debug|Any CPU.Build.0 = Debug|Any CPU
		{D0C7CAC4-F53F-49C4-B1AC-AD7EB13BEC76}.Release|Any CPU.ActiveCfg = Release|Any CPU
		{D0C7CAC4-F53F-49C4-B1AC-AD7EB13BEC76}.Release|Any CPU.Build.0 = Release|Any CPU
		{C3984E7A-471A-4AFF-B307-3AAA8532348E}.Debug|Any CPU.ActiveCfg = Debug|Any CPU
		{C3984E7A-471A-4AFF-B307-3AAA8532348E}.Debug|Any CPU.Build.0 = Debug|Any CPU
		{C3984E7A-471A-4AFF-B307-3AAA8532348E}.Release|Any CPU.ActiveCfg = Release|Any CPU
		{C3984E7A-471A-4AFF-B307-3AAA8532348E}.Release|Any CPU.Build.0 = Release|Any CPU
		{FDDA4E33-60EB-433F-BEF8-4E8EC20F1535}.Debug|Any CPU.ActiveCfg = Debug|Any CPU
		{FDDA4E33-60EB-433F-BEF8-4E8EC20F1535}.Debug|Any CPU.Build.0 = Debug|Any CPU
		{FDDA4E33-60EB-433F-BEF8-4E8EC20F1535}.Release|Any CPU.ActiveCfg = Release|Any CPU
		{FDDA4E33-60EB-433F-BEF8-4E8EC20F1535}.Release|Any CPU.Build.0 = Release|Any CPU
		{2D6FA0FE-8111-423A-AFD7-641F6F712F18}.Debug|Any CPU.ActiveCfg = Debug|Any CPU
		{2D6FA0FE-8111-423A-AFD7-641F6F712F18}.Debug|Any CPU.Build.0 = Debug|Any CPU
		{2D6FA0FE-8111-423A-AFD7-641F6F712F18}.Release|Any CPU.ActiveCfg = Release|Any CPU
		{2D6FA0FE-8111-423A-AFD7-641F6F712F18}.Release|Any CPU.Build.0 = Release|Any CPU
		{85BFF4E7-CAE4-4F85-BCAE-CF1AAACBA17C}.Debug|Any CPU.ActiveCfg = Debug|Any CPU
		{85BFF4E7-CAE4-4F85-BCAE-CF1AAACBA17C}.Debug|Any CPU.Build.0 = Debug|Any CPU
		{85BFF4E7-CAE4-4F85-BCAE-CF1AAACBA17C}.Release|Any CPU.ActiveCfg = Release|Any CPU
		{85BFF4E7-CAE4-4F85-BCAE-CF1AAACBA17C}.Release|Any CPU.Build.0 = Release|Any CPU
		{F72DCAD8-36CB-4EE2-A320-E1AA3DD23749}.Debug|Any CPU.ActiveCfg = Debug|Any CPU
		{F72DCAD8-36CB-4EE2-A320-E1AA3DD23749}.Debug|Any CPU.Build.0 = Debug|Any CPU
		{F72DCAD8-36CB-4EE2-A320-E1AA3DD23749}.Release|Any CPU.ActiveCfg = Release|Any CPU
		{F72DCAD8-36CB-4EE2-A320-E1AA3DD23749}.Release|Any CPU.Build.0 = Release|Any CPU
		{370FC433-94BB-4E9F-AD33-B8DF0CF6A163}.Debug|Any CPU.ActiveCfg = Debug|Any CPU
		{370FC433-94BB-4E9F-AD33-B8DF0CF6A163}.Debug|Any CPU.Build.0 = Debug|Any CPU
		{370FC433-94BB-4E9F-AD33-B8DF0CF6A163}.Release|Any CPU.ActiveCfg = Release|Any CPU
		{370FC433-94BB-4E9F-AD33-B8DF0CF6A163}.Release|Any CPU.Build.0 = Release|Any CPU
		{9DF78992-5C92-4313-8E26-724A0772AC9C}.Debug|Any CPU.ActiveCfg = Debug|Any CPU
		{9DF78992-5C92-4313-8E26-724A0772AC9C}.Debug|Any CPU.Build.0 = Debug|Any CPU
		{9DF78992-5C92-4313-8E26-724A0772AC9C}.Release|Any CPU.ActiveCfg = Release|Any CPU
		{9DF78992-5C92-4313-8E26-724A0772AC9C}.Release|Any CPU.Build.0 = Release|Any CPU
		{B01E653A-7A2F-4A86-A45B-0B5F23E87BCE}.Debug|Any CPU.ActiveCfg = Debug|Any CPU
		{B01E653A-7A2F-4A86-A45B-0B5F23E87BCE}.Debug|Any CPU.Build.0 = Debug|Any CPU
		{B01E653A-7A2F-4A86-A45B-0B5F23E87BCE}.Release|Any CPU.ActiveCfg = Release|Any CPU
		{B01E653A-7A2F-4A86-A45B-0B5F23E87BCE}.Release|Any CPU.Build.0 = Release|Any CPU
		{C56707C2-4113-456B-BD78-E77BADBB20D1}.Debug|Any CPU.ActiveCfg = Debug|Any CPU
		{C56707C2-4113-456B-BD78-E77BADBB20D1}.Debug|Any CPU.Build.0 = Debug|Any CPU
		{C56707C2-4113-456B-BD78-E77BADBB20D1}.Release|Any CPU.ActiveCfg = Release|Any CPU
		{C56707C2-4113-456B-BD78-E77BADBB20D1}.Release|Any CPU.Build.0 = Release|Any CPU
		{CB0FC1AD-D42D-4460-A9C4-303E7288DD1E}.Debug|Any CPU.ActiveCfg = Debug|Any CPU
		{CB0FC1AD-D42D-4460-A9C4-303E7288DD1E}.Debug|Any CPU.Build.0 = Debug|Any CPU
		{CB0FC1AD-D42D-4460-A9C4-303E7288DD1E}.Release|Any CPU.ActiveCfg = Release|Any CPU
		{CB0FC1AD-D42D-4460-A9C4-303E7288DD1E}.Release|Any CPU.Build.0 = Release|Any CPU
		{3708668E-9801-4EEF-997C-977B5BE2080F}.Debug|Any CPU.ActiveCfg = Debug|Any CPU
		{3708668E-9801-4EEF-997C-977B5BE2080F}.Debug|Any CPU.Build.0 = Debug|Any CPU
		{3708668E-9801-4EEF-997C-977B5BE2080F}.Release|Any CPU.ActiveCfg = Release|Any CPU
		{3708668E-9801-4EEF-997C-977B5BE2080F}.Release|Any CPU.Build.0 = Release|Any CPU
		{024CF448-D049-47BA-A094-9EA312CE360A}.Debug|Any CPU.ActiveCfg = Debug|Any CPU
		{024CF448-D049-47BA-A094-9EA312CE360A}.Debug|Any CPU.Build.0 = Debug|Any CPU
		{024CF448-D049-47BA-A094-9EA312CE360A}.Release|Any CPU.ActiveCfg = Release|Any CPU
		{024CF448-D049-47BA-A094-9EA312CE360A}.Release|Any CPU.Build.0 = Release|Any CPU
		{050600A1-5457-42B8-9BD7-D3314ABB7658}.Debug|Any CPU.ActiveCfg = Debug|Any CPU
		{050600A1-5457-42B8-9BD7-D3314ABB7658}.Debug|Any CPU.Build.0 = Debug|Any CPU
		{050600A1-5457-42B8-9BD7-D3314ABB7658}.Release|Any CPU.ActiveCfg = Release|Any CPU
		{050600A1-5457-42B8-9BD7-D3314ABB7658}.Release|Any CPU.Build.0 = Release|Any CPU
		{F38D9C5E-45B9-4760-8996-FCC98E7F0D32}.Debug|Any CPU.ActiveCfg = Debug|Any CPU
		{F38D9C5E-45B9-4760-8996-FCC98E7F0D32}.Debug|Any CPU.Build.0 = Debug|Any CPU
		{F38D9C5E-45B9-4760-8996-FCC98E7F0D32}.Release|Any CPU.ActiveCfg = Release|Any CPU
		{F38D9C5E-45B9-4760-8996-FCC98E7F0D32}.Release|Any CPU.Build.0 = Release|Any CPU
		{BF597533-B0CB-463A-A151-492F765588C6}.Debug|Any CPU.ActiveCfg = Debug|Any CPU
		{BF597533-B0CB-463A-A151-492F765588C6}.Debug|Any CPU.Build.0 = Debug|Any CPU
		{BF597533-B0CB-463A-A151-492F765588C6}.Release|Any CPU.ActiveCfg = Release|Any CPU
		{BF597533-B0CB-463A-A151-492F765588C6}.Release|Any CPU.Build.0 = Release|Any CPU
		{C216B52F-3533-48D7-81B8-1B7444108492}.Debug|Any CPU.ActiveCfg = Debug|Any CPU
		{C216B52F-3533-48D7-81B8-1B7444108492}.Debug|Any CPU.Build.0 = Debug|Any CPU
		{C216B52F-3533-48D7-81B8-1B7444108492}.Release|Any CPU.ActiveCfg = Release|Any CPU
		{C216B52F-3533-48D7-81B8-1B7444108492}.Release|Any CPU.Build.0 = Release|Any CPU
		{93FC294E-0414-470F-A2CA-A453A63D1397}.Debug|Any CPU.ActiveCfg = Debug|Any CPU
		{93FC294E-0414-470F-A2CA-A453A63D1397}.Debug|Any CPU.Build.0 = Debug|Any CPU
		{93FC294E-0414-470F-A2CA-A453A63D1397}.Release|Any CPU.ActiveCfg = Release|Any CPU
		{93FC294E-0414-470F-A2CA-A453A63D1397}.Release|Any CPU.Build.0 = Release|Any CPU
		{95417555-4312-46DE-B86A-EE8BB83F8582}.Debug|Any CPU.ActiveCfg = Debug|Any CPU
		{95417555-4312-46DE-B86A-EE8BB83F8582}.Debug|Any CPU.Build.0 = Debug|Any CPU
		{95417555-4312-46DE-B86A-EE8BB83F8582}.Release|Any CPU.ActiveCfg = Release|Any CPU
		{95417555-4312-46DE-B86A-EE8BB83F8582}.Release|Any CPU.Build.0 = Release|Any CPU
		{07B0131B-D23E-48C3-BA1A-7244F3EE6C59}.Debug|Any CPU.ActiveCfg = Debug|Any CPU
		{07B0131B-D23E-48C3-BA1A-7244F3EE6C59}.Debug|Any CPU.Build.0 = Debug|Any CPU
		{07B0131B-D23E-48C3-BA1A-7244F3EE6C59}.Release|Any CPU.ActiveCfg = Release|Any CPU
		{07B0131B-D23E-48C3-BA1A-7244F3EE6C59}.Release|Any CPU.Build.0 = Release|Any CPU
		{1FCCED07-2173-402F-8C9A-3BEC71F06A80}.Debug|Any CPU.ActiveCfg = Debug|Any CPU
		{1FCCED07-2173-402F-8C9A-3BEC71F06A80}.Debug|Any CPU.Build.0 = Debug|Any CPU
		{1FCCED07-2173-402F-8C9A-3BEC71F06A80}.Release|Any CPU.ActiveCfg = Release|Any CPU
		{1FCCED07-2173-402F-8C9A-3BEC71F06A80}.Release|Any CPU.Build.0 = Release|Any CPU
		{427585E9-E464-4D0F-A6B0-75DE9D78369E}.Debug|Any CPU.ActiveCfg = Debug|Any CPU
		{427585E9-E464-4D0F-A6B0-75DE9D78369E}.Debug|Any CPU.Build.0 = Debug|Any CPU
		{427585E9-E464-4D0F-A6B0-75DE9D78369E}.Release|Any CPU.ActiveCfg = Release|Any CPU
		{427585E9-E464-4D0F-A6B0-75DE9D78369E}.Release|Any CPU.Build.0 = Release|Any CPU
		{EF650ADB-2AE1-4114-B246-C3C3939C539B}.Debug|Any CPU.ActiveCfg = Debug|Any CPU
		{EF650ADB-2AE1-4114-B246-C3C3939C539B}.Debug|Any CPU.Build.0 = Debug|Any CPU
		{EF650ADB-2AE1-4114-B246-C3C3939C539B}.Release|Any CPU.ActiveCfg = Release|Any CPU
		{EF650ADB-2AE1-4114-B246-C3C3939C539B}.Release|Any CPU.Build.0 = Release|Any CPU
		{E84A81B9-2048-40DA-A560-D525DC0943E2}.Debug|Any CPU.ActiveCfg = Debug|Any CPU
		{E84A81B9-2048-40DA-A560-D525DC0943E2}.Debug|Any CPU.Build.0 = Debug|Any CPU
		{E84A81B9-2048-40DA-A560-D525DC0943E2}.Release|Any CPU.ActiveCfg = Release|Any CPU
		{E84A81B9-2048-40DA-A560-D525DC0943E2}.Release|Any CPU.Build.0 = Release|Any CPU
		{BE2136EA-833D-43B4-B4E1-66999D2A70BE}.Debug|Any CPU.ActiveCfg = Debug|Any CPU
		{BE2136EA-833D-43B4-B4E1-66999D2A70BE}.Debug|Any CPU.Build.0 = Debug|Any CPU
		{BE2136EA-833D-43B4-B4E1-66999D2A70BE}.Release|Any CPU.ActiveCfg = Release|Any CPU
		{BE2136EA-833D-43B4-B4E1-66999D2A70BE}.Release|Any CPU.Build.0 = Release|Any CPU
		{82A099D7-C47D-44EE-A2E2-3CB6DF82AF92}.Debug|Any CPU.ActiveCfg = Debug|Any CPU
		{82A099D7-C47D-44EE-A2E2-3CB6DF82AF92}.Debug|Any CPU.Build.0 = Debug|Any CPU
		{82A099D7-C47D-44EE-A2E2-3CB6DF82AF92}.Release|Any CPU.ActiveCfg = Release|Any CPU
		{82A099D7-C47D-44EE-A2E2-3CB6DF82AF92}.Release|Any CPU.Build.0 = Release|Any CPU
		{9C297B17-CC74-46BD-9789-F871A8BB43CA}.Debug|Any CPU.ActiveCfg = Debug|Any CPU
		{9C297B17-CC74-46BD-9789-F871A8BB43CA}.Debug|Any CPU.Build.0 = Debug|Any CPU
		{9C297B17-CC74-46BD-9789-F871A8BB43CA}.Release|Any CPU.ActiveCfg = Release|Any CPU
		{9C297B17-CC74-46BD-9789-F871A8BB43CA}.Release|Any CPU.Build.0 = Release|Any CPU
		{B17AC777-3EFB-4270-8F9F-E7A1073AC2BC}.Debug|Any CPU.ActiveCfg = Debug|Any CPU
		{B17AC777-3EFB-4270-8F9F-E7A1073AC2BC}.Debug|Any CPU.Build.0 = Debug|Any CPU
		{B17AC777-3EFB-4270-8F9F-E7A1073AC2BC}.Release|Any CPU.ActiveCfg = Release|Any CPU
		{B17AC777-3EFB-4270-8F9F-E7A1073AC2BC}.Release|Any CPU.Build.0 = Release|Any CPU
		{7A433C23-C6E6-41EA-8AFB-5CCB80CBA0DE}.Debug|Any CPU.ActiveCfg = Debug|Any CPU
		{7A433C23-C6E6-41EA-8AFB-5CCB80CBA0DE}.Debug|Any CPU.Build.0 = Debug|Any CPU
		{7A433C23-C6E6-41EA-8AFB-5CCB80CBA0DE}.Release|Any CPU.ActiveCfg = Release|Any CPU
		{7A433C23-C6E6-41EA-8AFB-5CCB80CBA0DE}.Release|Any CPU.Build.0 = Release|Any CPU
		{14037CFA-EEAF-42B7-898A-BA47E44B0ED9}.Debug|Any CPU.ActiveCfg = Debug|Any CPU
		{14037CFA-EEAF-42B7-898A-BA47E44B0ED9}.Debug|Any CPU.Build.0 = Debug|Any CPU
		{14037CFA-EEAF-42B7-898A-BA47E44B0ED9}.Release|Any CPU.ActiveCfg = Release|Any CPU
		{14037CFA-EEAF-42B7-898A-BA47E44B0ED9}.Release|Any CPU.Build.0 = Release|Any CPU
		{8AAF32DE-F6DB-4EF2-86FA-89A2F92FAC51}.Debug|Any CPU.ActiveCfg = Debug|Any CPU
		{8AAF32DE-F6DB-4EF2-86FA-89A2F92FAC51}.Debug|Any CPU.Build.0 = Debug|Any CPU
		{8AAF32DE-F6DB-4EF2-86FA-89A2F92FAC51}.Release|Any CPU.ActiveCfg = Release|Any CPU
		{8AAF32DE-F6DB-4EF2-86FA-89A2F92FAC51}.Release|Any CPU.Build.0 = Release|Any CPU
		{EF4D4BA2-0232-4392-B6A8-2BFC25B7C430}.Debug|Any CPU.ActiveCfg = Debug|Any CPU
		{EF4D4BA2-0232-4392-B6A8-2BFC25B7C430}.Debug|Any CPU.Build.0 = Debug|Any CPU
		{EF4D4BA2-0232-4392-B6A8-2BFC25B7C430}.Release|Any CPU.ActiveCfg = Release|Any CPU
		{EF4D4BA2-0232-4392-B6A8-2BFC25B7C430}.Release|Any CPU.Build.0 = Release|Any CPU
		{7C727248-17B6-40DD-9A3E-0F73DDAF1E5F}.Debug|Any CPU.ActiveCfg = Debug|Any CPU
		{7C727248-17B6-40DD-9A3E-0F73DDAF1E5F}.Debug|Any CPU.Build.0 = Debug|Any CPU
		{7C727248-17B6-40DD-9A3E-0F73DDAF1E5F}.Release|Any CPU.ActiveCfg = Release|Any CPU
		{7C727248-17B6-40DD-9A3E-0F73DDAF1E5F}.Release|Any CPU.Build.0 = Release|Any CPU
		{05F88E44-A8E7-41D5-95EC-51486FBEF8A2}.Debug|Any CPU.ActiveCfg = Debug|Any CPU
		{05F88E44-A8E7-41D5-95EC-51486FBEF8A2}.Debug|Any CPU.Build.0 = Debug|Any CPU
		{05F88E44-A8E7-41D5-95EC-51486FBEF8A2}.Release|Any CPU.ActiveCfg = Release|Any CPU
		{05F88E44-A8E7-41D5-95EC-51486FBEF8A2}.Release|Any CPU.Build.0 = Release|Any CPU
		{5A05A701-4CBD-4537-ACCE-DEC03205B871}.Debug|Any CPU.ActiveCfg = Debug|Any CPU
		{5A05A701-4CBD-4537-ACCE-DEC03205B871}.Debug|Any CPU.Build.0 = Debug|Any CPU
		{5A05A701-4CBD-4537-ACCE-DEC03205B871}.Release|Any CPU.ActiveCfg = Release|Any CPU
		{5A05A701-4CBD-4537-ACCE-DEC03205B871}.Release|Any CPU.Build.0 = Release|Any CPU
		{1BD2BE6E-8966-4223-A13F-2B4943CC22D7}.Debug|Any CPU.ActiveCfg = Debug|Any CPU
		{1BD2BE6E-8966-4223-A13F-2B4943CC22D7}.Debug|Any CPU.Build.0 = Debug|Any CPU
		{1BD2BE6E-8966-4223-A13F-2B4943CC22D7}.Release|Any CPU.ActiveCfg = Release|Any CPU
		{1BD2BE6E-8966-4223-A13F-2B4943CC22D7}.Release|Any CPU.Build.0 = Release|Any CPU
	EndGlobalSection
	GlobalSection(SolutionProperties) = preSolution
		HideSolutionNode = FALSE
	EndGlobalSection
	GlobalSection(NestedProjects) = preSolution
		{95445B92-B536-4F29-89FE-0E1234975E69} = {A709C3C6-FD0C-4D5D-815B-E70DD700913B}
		{EC74A4CE-5FF1-4501-804C-1D9B5E7F1EB5} = {A709C3C6-FD0C-4D5D-815B-E70DD700913B}
		{D1CC568C-6ECC-49E1-8542-DA71225CCD42} = {A709C3C6-FD0C-4D5D-815B-E70DD700913B}
		{5DA6BD0C-6DDD-41D1-A719-E4683230A367} = {A709C3C6-FD0C-4D5D-815B-E70DD700913B}
		{C998F157-8ACD-46F2-8AC0-A0750B98F0EE} = {A709C3C6-FD0C-4D5D-815B-E70DD700913B}
		{ED0249E8-8C9E-4F9F-B776-A8402990D417} = {C89E603C-F944-407D-852F-22F3E4AE1819}
		{AAFEB5E0-5FA9-4194-953E-FC91CB19C98D} = {C89E603C-F944-407D-852F-22F3E4AE1819}
		{C824426E-6A8E-4187-A8DB-D9FFBB246DC9} = {C89E603C-F944-407D-852F-22F3E4AE1819}
		{7FE62D5B-061E-4CD7-9321-166A341C4010} = {C89E603C-F944-407D-852F-22F3E4AE1819}
		{14308966-1AAC-40EE-A0ED-74740CEA1A60} = {4F670928-7DB7-4E4E-8093-AFE03FC99360}
		{BA5BA78F-8D17-4B8F-A126-7BED13250848} = {4F670928-7DB7-4E4E-8093-AFE03FC99360}
		{D0C7CAC4-F53F-49C4-B1AC-AD7EB13BEC76} = {4F670928-7DB7-4E4E-8093-AFE03FC99360}
		{C3984E7A-471A-4AFF-B307-3AAA8532348E} = {824DB5EC-AFA0-4AFE-BCEC-BB6DFA3E1924}
		{FDDA4E33-60EB-433F-BEF8-4E8EC20F1535} = {824DB5EC-AFA0-4AFE-BCEC-BB6DFA3E1924}
		{2D6FA0FE-8111-423A-AFD7-641F6F712F18} = {824DB5EC-AFA0-4AFE-BCEC-BB6DFA3E1924}
		{85BFF4E7-CAE4-4F85-BCAE-CF1AAACBA17C} = {AB4734F3-7FD3-4D88-BC04-D1F2BE6014CD}
		{F72DCAD8-36CB-4EE2-A320-E1AA3DD23749} = {AB4734F3-7FD3-4D88-BC04-D1F2BE6014CD}
		{370FC433-94BB-4E9F-AD33-B8DF0CF6A163} = {AB4734F3-7FD3-4D88-BC04-D1F2BE6014CD}
		{9DF78992-5C92-4313-8E26-724A0772AC9C} = {AB4734F3-7FD3-4D88-BC04-D1F2BE6014CD}
		{B01E653A-7A2F-4A86-A45B-0B5F23E87BCE} = {3A46677F-0766-4F69-99E9-398B40F62908}
		{C56707C2-4113-456B-BD78-E77BADBB20D1} = {3A46677F-0766-4F69-99E9-398B40F62908}
		{CB0FC1AD-D42D-4460-A9C4-303E7288DD1E} = {3A46677F-0766-4F69-99E9-398B40F62908}
		{3708668E-9801-4EEF-997C-977B5BE2080F} = {3A46677F-0766-4F69-99E9-398B40F62908}
		{024CF448-D049-47BA-A094-9EA312CE360A} = {0EE13EA7-1952-4CFB-B84F-19D826491950}
		{050600A1-5457-42B8-9BD7-D3314ABB7658} = {BE7AD40C-EFB9-4120-8CB2-931B37153783}
		{F38D9C5E-45B9-4760-8996-FCC98E7F0D32} = {BE7AD40C-EFB9-4120-8CB2-931B37153783}
		{BF597533-B0CB-463A-A151-492F765588C6} = {D918611B-35E3-432C-82FF-82BE61DC75F8}
		{C216B52F-3533-48D7-81B8-1B7444108492} = {02EA681E-C7D8-13C7-8484-4AC65E1B71E8}
		{93FC294E-0414-470F-A2CA-A453A63D1397} = {02EA681E-C7D8-13C7-8484-4AC65E1B71E8}
		{95417555-4312-46DE-B86A-EE8BB83F8582} = {ADEE5C41-C95E-4E6A-A0C1-3D23FDACB4E1}
		{07B0131B-D23E-48C3-BA1A-7244F3EE6C59} = {3E1753D5-9AC2-4CA2-9576-C21AC6B7F49E}
		{1FCCED07-2173-402F-8C9A-3BEC71F06A80} = {5D2E9B53-A3EF-44EE-9E6A-9270255B19E7}
		{427585E9-E464-4D0F-A6B0-75DE9D78369E} = {5D2E9B53-A3EF-44EE-9E6A-9270255B19E7}
		{EF650ADB-2AE1-4114-B246-C3C3939C539B} = {5D2E9B53-A3EF-44EE-9E6A-9270255B19E7}
		{E84A81B9-2048-40DA-A560-D525DC0943E2} = {5D2E9B53-A3EF-44EE-9E6A-9270255B19E7}
		{BE2136EA-833D-43B4-B4E1-66999D2A70BE} = {5D2E9B53-A3EF-44EE-9E6A-9270255B19E7}
		{A7A6986A-F9FC-4E9C-9571-CDED45E7C08A} = {5D2E9B53-A3EF-44EE-9E6A-9270255B19E7}
		{82A099D7-C47D-44EE-A2E2-3CB6DF82AF92} = {A7A6986A-F9FC-4E9C-9571-CDED45E7C08A}
		{9C297B17-CC74-46BD-9789-F871A8BB43CA} = {927629B0-DDCC-44F9-B916-B2E40A0A5ED1}
		{B17AC777-3EFB-4270-8F9F-E7A1073AC2BC} = {927629B0-DDCC-44F9-B916-B2E40A0A5ED1}
		{7A433C23-C6E6-41EA-8AFB-5CCB80CBA0DE} = {8B0AFEB4-F2BC-492F-9CCD-42750BF5779D}
		{14037CFA-EEAF-42B7-898A-BA47E44B0ED9} = {2996AC40-784C-44FA-8EC1-5CD2985C70CA}
		{8AAF32DE-F6DB-4EF2-86FA-89A2F92FAC51} = {2996AC40-784C-44FA-8EC1-5CD2985C70CA}
		{EF4D4BA2-0232-4392-B6A8-2BFC25B7C430} = {8B0AFEB4-F2BC-492F-9CCD-42750BF5779D}
		{7C727248-17B6-40DD-9A3E-0F73DDAF1E5F} = {8B0AFEB4-F2BC-492F-9CCD-42750BF5779D}
		{05F88E44-A8E7-41D5-95EC-51486FBEF8A2} = {8B0AFEB4-F2BC-492F-9CCD-42750BF5779D}
		{5A05A701-4CBD-4537-ACCE-DEC03205B871} = {FE8003C7-CC52-46B4-A59F-1696CCB0C979}
		{1BD2BE6E-8966-4223-A13F-2B4943CC22D7} = {FE8003C7-CC52-46B4-A59F-1696CCB0C979}
	EndGlobalSection
	GlobalSection(ExtensibilityGlobals) = postSolution
		SolutionGuid = {2BA3149C-2C37-43A6-BE3C-35C4C200B08C}
	EndGlobalSection
EndGlobal
