
Microsoft Visual Studio Solution File, Format Version 12.00
# Visual Studio Version 17
VisualStudioVersion = 17.5.33502.453
MinimumVisualStudioVersion = 10.0.40219.1
Project("{9A19103F-16F7-4668-BE54-9A1E7A4F7556}") = "Single Responsibility Principle", "Single Responsibility Principle\Single Responsibility Principle.csproj", "{95445B92-B536-4F29-89FE-0E1234975E69}"
EndProject
Project("{9A19103F-16F7-4668-BE54-9A1E7A4F7556}") = "Open-Closed Principle", "Open-Closed Principle\Open-Closed Principle.csproj", "{EC74A4CE-5FF1-4501-804C-1D9B5E7F1EB5}"
EndProject
Project("{9A19103F-16F7-4668-BE54-9A1E7A4F7556}") = "Liskov Substitution Principle", "Liskov Substitution Principle\Liskov Substitution Principle.csproj", "{D1CC568C-6ECC-49E1-8542-DA71225CCD42}"
EndProject
Project("{9A19103F-16F7-4668-BE54-9A1E7A4F7556}") = "Interface Segregation Principle", "Interface Segregation Principle\Interface Segregation Principle.csproj", "{5DA6BD0C-6DDD-41D1-A719-E4683230A367}"
EndProject
Project("{9A19103F-16F7-4668-BE54-9A1E7A4F7556}") = "Dependency Inversion Principle", "Dependency Inversion Principle\Dependency Inversion Principle.csproj", "{C998F157-8ACD-46F2-8AC0-A0750B98F0EE}"
EndProject
Project("{9A19103F-16F7-4668-BE54-9A1E7A4F7556}") = "Builder", "Builder\Builder.csproj", "{ED0249E8-8C9E-4F9F-B776-A8402990D417}"
EndProject
Project("{9A19103F-16F7-4668-BE54-9A1E7A4F7556}") = "Fluent Builder Inheritance with Recursive Generics", "Fluent Builder Inheritance with Recursive Generics\Fluent Builder Inheritance with Recursive Generics.csproj", "{AAFEB5E0-5FA9-4194-953E-FC91CB19C98D}"
EndProject
Project("{2150E333-8FDC-42A3-9474-1A3956D46DE8}") = "Builders", "Builders", "{C89E603C-F944-407D-852F-22F3E4AE1819}"
EndProject
Project("{2150E333-8FDC-42A3-9474-1A3956D46DE8}") = "SOLID", "SOLID", "{A709C3C6-FD0C-4D5D-815B-E70DD700913B}"
EndProject
Project("{9A19103F-16F7-4668-BE54-9A1E7A4F7556}") = "StepwiseBuilder", "StepwiseBuilder\StepwiseBuilder.csproj", "{C824426E-6A8E-4187-A8DB-D9FFBB246DC9}"
EndProject
Project("{9A19103F-16F7-4668-BE54-9A1E7A4F7556}") = "FunctionalBuilder", "FunctionalBuilder\FunctionalBuilder.csproj", "{7FE62D5B-061E-4CD7-9321-166A341C4010}"
EndProject
Project("{2150E333-8FDC-42A3-9474-1A3956D46DE8}") = "Factories", "Factories", "{4F670928-7DB7-4E4E-8093-AFE03FC99360}"
EndProject
Project("{9A19103F-16F7-4668-BE54-9A1E7A4F7556}") = "FactoryMethod", "FactoryMethod\FactoryMethod.csproj", "{14308966-1AAC-40EE-A0ED-74740CEA1A60}"
EndProject
Project("{9A19103F-16F7-4668-BE54-9A1E7A4F7556}") = "AsynchronousFactoryMethod", "AsynchronousFactoryMethod\AsynchronousFactoryMethod.csproj", "{BA5BA78F-8D17-4B8F-A126-7BED13250848}"
EndProject
Project("{9A19103F-16F7-4668-BE54-9A1E7A4F7556}") = "Abstract Factory", "Abstract Factory\Abstract Factory.csproj", "{D0C7CAC4-F53F-49C4-B1AC-AD7EB13BEC76}"
EndProject
Project("{2150E333-8FDC-42A3-9474-1A3956D46DE8}") = "Prototype", "Prototype", "{824DB5EC-AFA0-4AFE-BCEC-BB6DFA3E1924}"
EndProject
Project("{9A19103F-16F7-4668-BE54-9A1E7A4F7556}") = "Prototype", "Prototype\Prototype.csproj", "{C3984E7A-471A-4AFF-B307-3AAA8532348E}"
EndProject
Project("{9A19103F-16F7-4668-BE54-9A1E7A4F7556}") = "PrototypeInheritance", "PrototypeInheritance\PrototypeInheritance.csproj", "{FDDA4E33-60EB-433F-BEF8-4E8EC20F1535}"
EndProject
Project("{9A19103F-16F7-4668-BE54-9A1E7A4F7556}") = "CopyThroughSerialization", "CopyThroughSerialization\CopyThroughSerialization.csproj", "{2D6FA0FE-8111-423A-AFD7-641F6F712F18}"
EndProject
Project("{2150E333-8FDC-42A3-9474-1A3956D46DE8}") = "Singleton", "Singleton", "{AB4734F3-7FD3-4D88-BC04-D1F2BE6014CD}"
EndProject
Project("{9A19103F-16F7-4668-BE54-9A1E7A4F7556}") = "Singleton", "Singleton\Singleton.csproj", "{85BFF4E7-CAE4-4F85-BCAE-CF1AAACBA17C}"
EndProject
Project("{9A19103F-16F7-4668-BE54-9A1E7A4F7556}") = "Monostate", "Monostate\Monostate.csproj", "{F72DCAD8-36CB-4EE2-A320-E1AA3DD23749}"
EndProject
Project("{9A19103F-16F7-4668-BE54-9A1E7A4F7556}") = "Per-ThreadSingleton", "Per-ThreadSingleton\Per-ThreadSingleton.csproj", "{370FC433-94BB-4E9F-AD33-B8DF0CF6A163}"
EndProject
Project("{9A19103F-16F7-4668-BE54-9A1E7A4F7556}") = "AmbientContext", "AmbientContext\AmbientContext.csproj", "{9DF78992-5C92-4313-8E26-724A0772AC9C}"
EndProject
Project("{2150E333-8FDC-42A3-9474-1A3956D46DE8}") = "Adapter", "Adapter", "{3A46677F-0766-4F69-99E9-398B40F62908}"
EndProject
Project("{9A19103F-16F7-4668-BE54-9A1E7A4F7556}") = "VectorRasterDemo", "VectorRasterDemo\VectorRasterDemo.csproj", "{B01E653A-7A2F-4A86-A45B-0B5F23E87BCE}"
EndProject
Project("{9A19103F-16F7-4668-BE54-9A1E7A4F7556}") = "GenericValueAdapter", "GenericValueAdapter#\GenericValueAdapter.csproj", "{C56707C2-4113-456B-BD78-E77BADBB20D1}"
EndProject
Project("{9A19103F-16F7-4668-BE54-9A1E7A4F7556}") = "AdapterDependencyInjection", "AdapterDependencyInjection\AdapterDependencyInjection.csproj", "{CB0FC1AD-D42D-4460-A9C4-303E7288DD1E}"
EndProject
Project("{9A19103F-16F7-4668-BE54-9A1E7A4F7556}") = "Programmierübung-AdapterCodingExercise", "Programmierübung-AdapterCodingExercise\Programmierübung-AdapterCodingExercise.csproj", "{3708668E-9801-4EEF-997C-977B5BE2080F}"
EndProject
Project("{2150E333-8FDC-42A3-9474-1A3956D46DE8}") = "NewFolder1", "NewFolder1", "{0EE13EA7-1952-4CFB-B84F-19D826491950}"
EndProject
Project("{FAE04EC0-301F-11D3-BF4B-00C04F79EFBC}") = "Bridge", "Bridge\Bridge.csproj", "{024CF448-D049-47BA-A094-9EA312CE360A}"
EndProject
Global
	GlobalSection(SolutionConfigurationPlatforms) = preSolution
		Debug|Any CPU = Debug|Any CPU
		Release|Any CPU = Release|Any CPU
	EndGlobalSection
	GlobalSection(ProjectConfigurationPlatforms) = postSolution
		{95445B92-B536-4F29-89FE-0E1234975E69}.Debug|Any CPU.ActiveCfg = Debug|Any CPU
		{95445B92-B536-4F29-89FE-0E1234975E69}.Debug|Any CPU.Build.0 = Debug|Any CPU
		{95445B92-B536-4F29-89FE-0E1234975E69}.Release|Any CPU.ActiveCfg = Release|Any CPU
		{95445B92-B536-4F29-89FE-0E1234975E69}.Release|Any CPU.Build.0 = Release|Any CPU
		{EC74A4CE-5FF1-4501-804C-1D9B5E7F1EB5}.Debug|Any CPU.ActiveCfg = Debug|Any CPU
		{EC74A4CE-5FF1-4501-804C-1D9B5E7F1EB5}.Debug|Any CPU.Build.0 = Debug|Any CPU
		{EC74A4CE-5FF1-4501-804C-1D9B5E7F1EB5}.Release|Any CPU.ActiveCfg = Release|Any CPU
		{EC74A4CE-5FF1-4501-804C-1D9B5E7F1EB5}.Release|Any CPU.Build.0 = Release|Any CPU
		{D1CC568C-6ECC-49E1-8542-DA71225CCD42}.Debug|Any CPU.ActiveCfg = Debug|Any CPU
		{D1CC568C-6ECC-49E1-8542-DA71225CCD42}.Debug|Any CPU.Build.0 = Debug|Any CPU
		{D1CC568C-6ECC-49E1-8542-DA71225CCD42}.Release|Any CPU.ActiveCfg = Release|Any CPU
		{D1CC568C-6ECC-49E1-8542-DA71225CCD42}.Release|Any CPU.Build.0 = Release|Any CPU
		{5DA6BD0C-6DDD-41D1-A719-E4683230A367}.Debug|Any CPU.ActiveCfg = Debug|Any CPU
		{5DA6BD0C-6DDD-41D1-A719-E4683230A367}.Debug|Any CPU.Build.0 = Debug|Any CPU
		{5DA6BD0C-6DDD-41D1-A719-E4683230A367}.Release|Any CPU.ActiveCfg = Release|Any CPU
		{5DA6BD0C-6DDD-41D1-A719-E4683230A367}.Release|Any CPU.Build.0 = Release|Any CPU
		{C998F157-8ACD-46F2-8AC0-A0750B98F0EE}.Debug|Any CPU.ActiveCfg = Debug|Any CPU
		{C998F157-8ACD-46F2-8AC0-A0750B98F0EE}.Debug|Any CPU.Build.0 = Debug|Any CPU
		{C998F157-8ACD-46F2-8AC0-A0750B98F0EE}.Release|Any CPU.ActiveCfg = Release|Any CPU
		{C998F157-8ACD-46F2-8AC0-A0750B98F0EE}.Release|Any CPU.Build.0 = Release|Any CPU
		{ED0249E8-8C9E-4F9F-B776-A8402990D417}.Debug|Any CPU.ActiveCfg = Debug|Any CPU
		{ED0249E8-8C9E-4F9F-B776-A8402990D417}.Debug|Any CPU.Build.0 = Debug|Any CPU
		{ED0249E8-8C9E-4F9F-B776-A8402990D417}.Release|Any CPU.ActiveCfg = Release|Any CPU
		{ED0249E8-8C9E-4F9F-B776-A8402990D417}.Release|Any CPU.Build.0 = Release|Any CPU
		{AAFEB5E0-5FA9-4194-953E-FC91CB19C98D}.Debug|Any CPU.ActiveCfg = Debug|Any CPU
		{AAFEB5E0-5FA9-4194-953E-FC91CB19C98D}.Debug|Any CPU.Build.0 = Debug|Any CPU
		{AAFEB5E0-5FA9-4194-953E-FC91CB19C98D}.Release|Any CPU.ActiveCfg = Release|Any CPU
		{AAFEB5E0-5FA9-4194-953E-FC91CB19C98D}.Release|Any CPU.Build.0 = Release|Any CPU
		{C824426E-6A8E-4187-A8DB-D9FFBB246DC9}.Debug|Any CPU.ActiveCfg = Debug|Any CPU
		{C824426E-6A8E-4187-A8DB-D9FFBB246DC9}.Debug|Any CPU.Build.0 = Debug|Any CPU
		{C824426E-6A8E-4187-A8DB-D9FFBB246DC9}.Release|Any CPU.ActiveCfg = Release|Any CPU
		{C824426E-6A8E-4187-A8DB-D9FFBB246DC9}.Release|Any CPU.Build.0 = Release|Any CPU
		{7FE62D5B-061E-4CD7-9321-166A341C4010}.Debug|Any CPU.ActiveCfg = Debug|Any CPU
		{7FE62D5B-061E-4CD7-9321-166A341C4010}.Debug|Any CPU.Build.0 = Debug|Any CPU
		{7FE62D5B-061E-4CD7-9321-166A341C4010}.Release|Any CPU.ActiveCfg = Release|Any CPU
		{7FE62D5B-061E-4CD7-9321-166A341C4010}.Release|Any CPU.Build.0 = Release|Any CPU
		{14308966-1AAC-40EE-A0ED-74740CEA1A60}.Debug|Any CPU.ActiveCfg = Debug|Any CPU
		{14308966-1AAC-40EE-A0ED-74740CEA1A60}.Debug|Any CPU.Build.0 = Debug|Any CPU
		{14308966-1AAC-40EE-A0ED-74740CEA1A60}.Release|Any CPU.ActiveCfg = Release|Any CPU
		{14308966-1AAC-40EE-A0ED-74740CEA1A60}.Release|Any CPU.Build.0 = Release|Any CPU
		{BA5BA78F-8D17-4B8F-A126-7BED13250848}.Debug|Any CPU.ActiveCfg = Debug|Any CPU
		{BA5BA78F-8D17-4B8F-A126-7BED13250848}.Debug|Any CPU.Build.0 = Debug|Any CPU
		{BA5BA78F-8D17-4B8F-A126-7BED13250848}.Release|Any CPU.ActiveCfg = Release|Any CPU
		{BA5BA78F-8D17-4B8F-A126-7BED13250848}.Release|Any CPU.Build.0 = Release|Any CPU
		{D0C7CAC4-F53F-49C4-B1AC-AD7EB13BEC76}.Debug|Any CPU.ActiveCfg = Debug|Any CPU
		{D0C7CAC4-F53F-49C4-B1AC-AD7EB13BEC76}.Debug|Any CPU.Build.0 = Debug|Any CPU
		{D0C7CAC4-F53F-49C4-B1AC-AD7EB13BEC76}.Release|Any CPU.ActiveCfg = Release|Any CPU
		{D0C7CAC4-F53F-49C4-B1AC-AD7EB13BEC76}.Release|Any CPU.Build.0 = Release|Any CPU
		{C3984E7A-471A-4AFF-B307-3AAA8532348E}.Debug|Any CPU.ActiveCfg = Debug|Any CPU
		{C3984E7A-471A-4AFF-B307-3AAA8532348E}.Debug|Any CPU.Build.0 = Debug|Any CPU
		{C3984E7A-471A-4AFF-B307-3AAA8532348E}.Release|Any CPU.ActiveCfg = Release|Any CPU
		{C3984E7A-471A-4AFF-B307-3AAA8532348E}.Release|Any CPU.Build.0 = Release|Any CPU
		{FDDA4E33-60EB-433F-BEF8-4E8EC20F1535}.Debug|Any CPU.ActiveCfg = Debug|Any CPU
		{FDDA4E33-60EB-433F-BEF8-4E8EC20F1535}.Debug|Any CPU.Build.0 = Debug|Any CPU
		{FDDA4E33-60EB-433F-BEF8-4E8EC20F1535}.Release|Any CPU.ActiveCfg = Release|Any CPU
		{FDDA4E33-60EB-433F-BEF8-4E8EC20F1535}.Release|Any CPU.Build.0 = Release|Any CPU
		{2D6FA0FE-8111-423A-AFD7-641F6F712F18}.Debug|Any CPU.ActiveCfg = Debug|Any CPU
		{2D6FA0FE-8111-423A-AFD7-641F6F712F18}.Debug|Any CPU.Build.0 = Debug|Any CPU
		{2D6FA0FE-8111-423A-AFD7-641F6F712F18}.Release|Any CPU.ActiveCfg = Release|Any CPU
		{2D6FA0FE-8111-423A-AFD7-641F6F712F18}.Release|Any CPU.Build.0 = Release|Any CPU
		{85BFF4E7-CAE4-4F85-BCAE-CF1AAACBA17C}.Debug|Any CPU.ActiveCfg = Debug|Any CPU
		{85BFF4E7-CAE4-4F85-BCAE-CF1AAACBA17C}.Debug|Any CPU.Build.0 = Debug|Any CPU
		{85BFF4E7-CAE4-4F85-BCAE-CF1AAACBA17C}.Release|Any CPU.ActiveCfg = Release|Any CPU
		{85BFF4E7-CAE4-4F85-BCAE-CF1AAACBA17C}.Release|Any CPU.Build.0 = Release|Any CPU
		{F72DCAD8-36CB-4EE2-A320-E1AA3DD23749}.Debug|Any CPU.ActiveCfg = Debug|Any CPU
		{F72DCAD8-36CB-4EE2-A320-E1AA3DD23749}.Debug|Any CPU.Build.0 = Debug|Any CPU
		{F72DCAD8-36CB-4EE2-A320-E1AA3DD23749}.Release|Any CPU.ActiveCfg = Release|Any CPU
		{F72DCAD8-36CB-4EE2-A320-E1AA3DD23749}.Release|Any CPU.Build.0 = Release|Any CPU
		{370FC433-94BB-4E9F-AD33-B8DF0CF6A163}.Debug|Any CPU.ActiveCfg = Debug|Any CPU
		{370FC433-94BB-4E9F-AD33-B8DF0CF6A163}.Debug|Any CPU.Build.0 = Debug|Any CPU
		{370FC433-94BB-4E9F-AD33-B8DF0CF6A163}.Release|Any CPU.ActiveCfg = Release|Any CPU
		{370FC433-94BB-4E9F-AD33-B8DF0CF6A163}.Release|Any CPU.Build.0 = Release|Any CPU
		{9DF78992-5C92-4313-8E26-724A0772AC9C}.Debug|Any CPU.ActiveCfg = Debug|Any CPU
		{9DF78992-5C92-4313-8E26-724A0772AC9C}.Debug|Any CPU.Build.0 = Debug|Any CPU
		{9DF78992-5C92-4313-8E26-724A0772AC9C}.Release|Any CPU.ActiveCfg = Release|Any CPU
		{9DF78992-5C92-4313-8E26-724A0772AC9C}.Release|Any CPU.Build.0 = Release|Any CPU
		{B01E653A-7A2F-4A86-A45B-0B5F23E87BCE}.Debug|Any CPU.ActiveCfg = Debug|Any CPU
		{B01E653A-7A2F-4A86-A45B-0B5F23E87BCE}.Debug|Any CPU.Build.0 = Debug|Any CPU
		{B01E653A-7A2F-4A86-A45B-0B5F23E87BCE}.Release|Any CPU.ActiveCfg = Release|Any CPU
		{B01E653A-7A2F-4A86-A45B-0B5F23E87BCE}.Release|Any CPU.Build.0 = Release|Any CPU
		{C56707C2-4113-456B-BD78-E77BADBB20D1}.Debug|Any CPU.ActiveCfg = Debug|Any CPU
		{C56707C2-4113-456B-BD78-E77BADBB20D1}.Debug|Any CPU.Build.0 = Debug|Any CPU
		{C56707C2-4113-456B-BD78-E77BADBB20D1}.Release|Any CPU.ActiveCfg = Release|Any CPU
		{C56707C2-4113-456B-BD78-E77BADBB20D1}.Release|Any CPU.Build.0 = Release|Any CPU
		{CB0FC1AD-D42D-4460-A9C4-303E7288DD1E}.Debug|Any CPU.ActiveCfg = Debug|Any CPU
		{CB0FC1AD-D42D-4460-A9C4-303E7288DD1E}.Debug|Any CPU.Build.0 = Debug|Any CPU
		{CB0FC1AD-D42D-4460-A9C4-303E7288DD1E}.Release|Any CPU.ActiveCfg = Release|Any CPU
		{CB0FC1AD-D42D-4460-A9C4-303E7288DD1E}.Release|Any CPU.Build.0 = Release|Any CPU
		{3708668E-9801-4EEF-997C-977B5BE2080F}.Debug|Any CPU.ActiveCfg = Debug|Any CPU
		{3708668E-9801-4EEF-997C-977B5BE2080F}.Debug|Any CPU.Build.0 = Debug|Any CPU
		{3708668E-9801-4EEF-997C-977B5BE2080F}.Release|Any CPU.ActiveCfg = Release|Any CPU
		{3708668E-9801-4EEF-997C-977B5BE2080F}.Release|Any CPU.Build.0 = Release|Any CPU
		{024CF448-D049-47BA-A094-9EA312CE360A}.Debug|Any CPU.ActiveCfg = Debug|Any CPU
		{024CF448-D049-47BA-A094-9EA312CE360A}.Debug|Any CPU.Build.0 = Debug|Any CPU
		{024CF448-D049-47BA-A094-9EA312CE360A}.Release|Any CPU.ActiveCfg = Release|Any CPU
		{024CF448-D049-47BA-A094-9EA312CE360A}.Release|Any CPU.Build.0 = Release|Any CPU
	EndGlobalSection
	GlobalSection(SolutionProperties) = preSolution
		HideSolutionNode = FALSE
	EndGlobalSection
	GlobalSection(NestedProjects) = preSolution
		{95445B92-B536-4F29-89FE-0E1234975E69} = {A709C3C6-FD0C-4D5D-815B-E70DD700913B}
		{EC74A4CE-5FF1-4501-804C-1D9B5E7F1EB5} = {A709C3C6-FD0C-4D5D-815B-E70DD700913B}
		{D1CC568C-6ECC-49E1-8542-DA71225CCD42} = {A709C3C6-FD0C-4D5D-815B-E70DD700913B}
		{5DA6BD0C-6DDD-41D1-A719-E4683230A367} = {A709C3C6-FD0C-4D5D-815B-E70DD700913B}
		{C998F157-8ACD-46F2-8AC0-A0750B98F0EE} = {A709C3C6-FD0C-4D5D-815B-E70DD700913B}
		{ED0249E8-8C9E-4F9F-B776-A8402990D417} = {C89E603C-F944-407D-852F-22F3E4AE1819}
		{AAFEB5E0-5FA9-4194-953E-FC91CB19C98D} = {C89E603C-F944-407D-852F-22F3E4AE1819}
		{C824426E-6A8E-4187-A8DB-D9FFBB246DC9} = {C89E603C-F944-407D-852F-22F3E4AE1819}
		{7FE62D5B-061E-4CD7-9321-166A341C4010} = {C89E603C-F944-407D-852F-22F3E4AE1819}
		{14308966-1AAC-40EE-A0ED-74740CEA1A60} = {4F670928-7DB7-4E4E-8093-AFE03FC99360}
		{BA5BA78F-8D17-4B8F-A126-7BED13250848} = {4F670928-7DB7-4E4E-8093-AFE03FC99360}
		{D0C7CAC4-F53F-49C4-B1AC-AD7EB13BEC76} = {4F670928-7DB7-4E4E-8093-AFE03FC99360}
		{C3984E7A-471A-4AFF-B307-3AAA8532348E} = {824DB5EC-AFA0-4AFE-BCEC-BB6DFA3E1924}
		{FDDA4E33-60EB-433F-BEF8-4E8EC20F1535} = {824DB5EC-AFA0-4AFE-BCEC-BB6DFA3E1924}
		{2D6FA0FE-8111-423A-AFD7-641F6F712F18} = {824DB5EC-AFA0-4AFE-BCEC-BB6DFA3E1924}
		{85BFF4E7-CAE4-4F85-BCAE-CF1AAACBA17C} = {AB4734F3-7FD3-4D88-BC04-D1F2BE6014CD}
		{F72DCAD8-36CB-4EE2-A320-E1AA3DD23749} = {AB4734F3-7FD3-4D88-BC04-D1F2BE6014CD}
		{370FC433-94BB-4E9F-AD33-B8DF0CF6A163} = {AB4734F3-7FD3-4D88-BC04-D1F2BE6014CD}
		{9DF78992-5C92-4313-8E26-724A0772AC9C} = {AB4734F3-7FD3-4D88-BC04-D1F2BE6014CD}
		{B01E653A-7A2F-4A86-A45B-0B5F23E87BCE} = {3A46677F-0766-4F69-99E9-398B40F62908}
		{C56707C2-4113-456B-BD78-E77BADBB20D1} = {3A46677F-0766-4F69-99E9-398B40F62908}
		{CB0FC1AD-D42D-4460-A9C4-303E7288DD1E} = {3A46677F-0766-4F69-99E9-398B40F62908}
		{3708668E-9801-4EEF-997C-977B5BE2080F} = {3A46677F-0766-4F69-99E9-398B40F62908}
		{024CF448-D049-47BA-A094-9EA312CE360A} = {0EE13EA7-1952-4CFB-B84F-19D826491950}
	EndGlobalSection
	GlobalSection(ExtensibilityGlobals) = postSolution
		SolutionGuid = {2BA3149C-2C37-43A6-BE3C-35C4C200B08C}
	EndGlobalSection
EndGlobal
