
Microsoft Visual Studio Solution File, Format Version 12.00
# Visual Studio Version 17
VisualStudioVersion = 17.5.33502.453
MinimumVisualStudioVersion = 10.0.40219.1
Project("{9A19103F-16F7-4668-BE54-9A1E7A4F7556}") = "Single Responsibility Principle", "Single Responsibility Principle\Single Responsibility Principle.csproj", "{95445B92-B536-4F29-89FE-0E1234975E69}"
EndProject
Project("{9A19103F-16F7-4668-BE54-9A1E7A4F7556}") = "Open-Closed Principle", "Open-Closed Principle\Open-Closed Principle.csproj", "{EC74A4CE-5FF1-4501-804C-1D9B5E7F1EB5}"
EndProject
Project("{9A19103F-16F7-4668-BE54-9A1E7A4F7556}") = "Liskov Substitution Principle", "Liskov Substitution Principle\Liskov Substitution Principle.csproj", "{D1CC568C-6ECC-49E1-8542-DA71225CCD42}"
EndProject
Project("{9A19103F-16F7-4668-BE54-9A1E7A4F7556}") = "Interface Segregation Principle", "Interface Segregation Principle\Interface Segregation Principle.csproj", "{5DA6BD0C-6DDD-41D1-A719-E4683230A367}"
EndProject
Project("{9A19103F-16F7-4668-BE54-9A1E7A4F7556}") = "Dependency Inversion Principle", "Dependency Inversion Principle\Dependency Inversion Principle.csproj", "{C998F157-8ACD-46F2-8AC0-A0750B98F0EE}"
EndProject
Project("{9A19103F-16F7-4668-BE54-9A1E7A4F7556}") = "Builder", "Builder\Builder.csproj", "{ED0249E8-8C9E-4F9F-B776-A8402990D417}"
EndProject
Project("{9A19103F-16F7-4668-BE54-9A1E7A4F7556}") = "Fluent Builder Inheritance with Recursive Generics", "Fluent Builder Inheritance with Recursive Generics\Fluent Builder Inheritance with Recursive Generics.csproj", "{AAFEB5E0-5FA9-4194-953E-FC91CB19C98D}"
EndProject
Project("{2150E333-8FDC-42A3-9474-1A3956D46DE8}") = "Builders", "Builders", "{C89E603C-F944-407D-852F-22F3E4AE1819}"
EndProject
Project("{2150E333-8FDC-42A3-9474-1A3956D46DE8}") = "SOLID", "SOLID", "{A709C3C6-FD0C-4D5D-815B-E70DD700913B}"
EndProject
Project("{9A19103F-16F7-4668-BE54-9A1E7A4F7556}") = "StepwiseBuilder", "StepwiseBuilder\StepwiseBuilder.csproj", "{C824426E-6A8E-4187-A8DB-D9FFBB246DC9}"
EndProject
Project("{9A19103F-16F7-4668-BE54-9A1E7A4F7556}") = "FunctionalBuilder", "FunctionalBuilder\FunctionalBuilder.csproj", "{7FE62D5B-061E-4CD7-9321-166A341C4010}"
EndProject
Project("{2150E333-8FDC-42A3-9474-1A3956D46DE8}") = "Factories", "Factories", "{4F670928-7DB7-4E4E-8093-AFE03FC99360}"
EndProject
Project("{9A19103F-16F7-4668-BE54-9A1E7A4F7556}") = "FactoryMethod", "FactoryMethod\FactoryMethod.csproj", "{14308966-1AAC-40EE-A0ED-74740CEA1A60}"
EndProject
Project("{9A19103F-16F7-4668-BE54-9A1E7A4F7556}") = "AsynchronousFactoryMethod", "AsynchronousFactoryMethod\AsynchronousFactoryMethod.csproj", "{BA5BA78F-8D17-4B8F-A126-7BED13250848}"
EndProject
Project("{9A19103F-16F7-4668-BE54-9A1E7A4F7556}") = "Abstract Factory", "Abstract Factory\Abstract Factory.csproj", "{D0C7CAC4-F53F-49C4-B1AC-AD7EB13BEC76}"
EndProject
Project("{2150E333-8FDC-42A3-9474-1A3956D46DE8}") = "Prototype", "Prototype", "{824DB5EC-AFA0-4AFE-BCEC-BB6DFA3E1924}"
EndProject
Project("{9A19103F-16F7-4668-BE54-9A1E7A4F7556}") = "Prototype", "Prototype\Prototype.csproj", "{C3984E7A-471A-4AFF-B307-3AAA8532348E}"
EndProject
Project("{FAE04EC0-301F-11D3-BF4B-00C04F79EFBC}") = "PrototypeInheritance", "PrototypeInheritance\PrototypeInheritance.csproj", "{FDDA4E33-60EB-433F-BEF8-4E8EC20F1535}"
EndProject
Global
	GlobalSection(SolutionConfigurationPlatforms) = preSolution
		Debug|Any CPU = Debug|Any CPU
		Release|Any CPU = Release|Any CPU
	EndGlobalSection
	GlobalSection(ProjectConfigurationPlatforms) = postSolution
		{95445B92-B536-4F29-89FE-0E1234975E69}.Debug|Any CPU.ActiveCfg = Debug|Any CPU
		{95445B92-B536-4F29-89FE-0E1234975E69}.Debug|Any CPU.Build.0 = Debug|Any CPU
		{95445B92-B536-4F29-89FE-0E1234975E69}.Release|Any CPU.ActiveCfg = Release|Any CPU
		{95445B92-B536-4F29-89FE-0E1234975E69}.Release|Any CPU.Build.0 = Release|Any CPU
		{EC74A4CE-5FF1-4501-804C-1D9B5E7F1EB5}.Debug|Any CPU.ActiveCfg = Debug|Any CPU
		{EC74A4CE-5FF1-4501-804C-1D9B5E7F1EB5}.Debug|Any CPU.Build.0 = Debug|Any CPU
		{EC74A4CE-5FF1-4501-804C-1D9B5E7F1EB5}.Release|Any CPU.ActiveCfg = Release|Any CPU
		{EC74A4CE-5FF1-4501-804C-1D9B5E7F1EB5}.Release|Any CPU.Build.0 = Release|Any CPU
		{D1CC568C-6ECC-49E1-8542-DA71225CCD42}.Debug|Any CPU.ActiveCfg = Debug|Any CPU
		{D1CC568C-6ECC-49E1-8542-DA71225CCD42}.Debug|Any CPU.Build.0 = Debug|Any CPU
		{D1CC568C-6ECC-49E1-8542-DA71225CCD42}.Release|Any CPU.ActiveCfg = Release|Any CPU
		{D1CC568C-6ECC-49E1-8542-DA71225CCD42}.Release|Any CPU.Build.0 = Release|Any CPU
		{5DA6BD0C-6DDD-41D1-A719-E4683230A367}.Debug|Any CPU.ActiveCfg = Debug|Any CPU
		{5DA6BD0C-6DDD-41D1-A719-E4683230A367}.Debug|Any CPU.Build.0 = Debug|Any CPU
		{5DA6BD0C-6DDD-41D1-A719-E4683230A367}.Release|Any CPU.ActiveCfg = Release|Any CPU
		{5DA6BD0C-6DDD-41D1-A719-E4683230A367}.Release|Any CPU.Build.0 = Release|Any CPU
		{C998F157-8ACD-46F2-8AC0-A0750B98F0EE}.Debug|Any CPU.ActiveCfg = Debug|Any CPU
		{C998F157-8ACD-46F2-8AC0-A0750B98F0EE}.Debug|Any CPU.Build.0 = Debug|Any CPU
		{C998F157-8ACD-46F2-8AC0-A0750B98F0EE}.Release|Any CPU.ActiveCfg = Release|Any CPU
		{C998F157-8ACD-46F2-8AC0-A0750B98F0EE}.Release|Any CPU.Build.0 = Release|Any CPU
		{ED0249E8-8C9E-4F9F-B776-A8402990D417}.Debug|Any CPU.ActiveCfg = Debug|Any CPU
		{ED0249E8-8C9E-4F9F-B776-A8402990D417}.Debug|Any CPU.Build.0 = Debug|Any CPU
		{ED0249E8-8C9E-4F9F-B776-A8402990D417}.Release|Any CPU.ActiveCfg = Release|Any CPU
		{ED0249E8-8C9E-4F9F-B776-A8402990D417}.Release|Any CPU.Build.0 = Release|Any CPU
		{AAFEB5E0-5FA9-4194-953E-FC91CB19C98D}.Debug|Any CPU.ActiveCfg = Debug|Any CPU
		{AAFEB5E0-5FA9-4194-953E-FC91CB19C98D}.Debug|Any CPU.Build.0 = Debug|Any CPU
		{AAFEB5E0-5FA9-4194-953E-FC91CB19C98D}.Release|Any CPU.ActiveCfg = Release|Any CPU
		{AAFEB5E0-5FA9-4194-953E-FC91CB19C98D}.Release|Any CPU.Build.0 = Release|Any CPU
		{C824426E-6A8E-4187-A8DB-D9FFBB246DC9}.Debug|Any CPU.ActiveCfg = Debug|Any CPU
		{C824426E-6A8E-4187-A8DB-D9FFBB246DC9}.Debug|Any CPU.Build.0 = Debug|Any CPU
		{C824426E-6A8E-4187-A8DB-D9FFBB246DC9}.Release|Any CPU.ActiveCfg = Release|Any CPU
		{C824426E-6A8E-4187-A8DB-D9FFBB246DC9}.Release|Any CPU.Build.0 = Release|Any CPU
		{7FE62D5B-061E-4CD7-9321-166A341C4010}.Debug|Any CPU.ActiveCfg = Debug|Any CPU
		{7FE62D5B-061E-4CD7-9321-166A341C4010}.Debug|Any CPU.Build.0 = Debug|Any CPU
		{7FE62D5B-061E-4CD7-9321-166A341C4010}.Release|Any CPU.ActiveCfg = Release|Any CPU
		{7FE62D5B-061E-4CD7-9321-166A341C4010}.Release|Any CPU.Build.0 = Release|Any CPU
		{14308966-1AAC-40EE-A0ED-74740CEA1A60}.Debug|Any CPU.ActiveCfg = Debug|Any CPU
		{14308966-1AAC-40EE-A0ED-74740CEA1A60}.Debug|Any CPU.Build.0 = Debug|Any CPU
		{14308966-1AAC-40EE-A0ED-74740CEA1A60}.Release|Any CPU.ActiveCfg = Release|Any CPU
		{14308966-1AAC-40EE-A0ED-74740CEA1A60}.Release|Any CPU.Build.0 = Release|Any CPU
		{BA5BA78F-8D17-4B8F-A126-7BED13250848}.Debug|Any CPU.ActiveCfg = Debug|Any CPU
		{BA5BA78F-8D17-4B8F-A126-7BED13250848}.Debug|Any CPU.Build.0 = Debug|Any CPU
		{BA5BA78F-8D17-4B8F-A126-7BED13250848}.Release|Any CPU.ActiveCfg = Release|Any CPU
		{BA5BA78F-8D17-4B8F-A126-7BED13250848}.Release|Any CPU.Build.0 = Release|Any CPU
		{D0C7CAC4-F53F-49C4-B1AC-AD7EB13BEC76}.Debug|Any CPU.ActiveCfg = Debug|Any CPU
		{D0C7CAC4-F53F-49C4-B1AC-AD7EB13BEC76}.Debug|Any CPU.Build.0 = Debug|Any CPU
		{D0C7CAC4-F53F-49C4-B1AC-AD7EB13BEC76}.Release|Any CPU.ActiveCfg = Release|Any CPU
		{D0C7CAC4-F53F-49C4-B1AC-AD7EB13BEC76}.Release|Any CPU.Build.0 = Release|Any CPU
		{C3984E7A-471A-4AFF-B307-3AAA8532348E}.Debug|Any CPU.ActiveCfg = Debug|Any CPU
		{C3984E7A-471A-4AFF-B307-3AAA8532348E}.Debug|Any CPU.Build.0 = Debug|Any CPU
		{C3984E7A-471A-4AFF-B307-3AAA8532348E}.Release|Any CPU.ActiveCfg = Release|Any CPU
		{C3984E7A-471A-4AFF-B307-3AAA8532348E}.Release|Any CPU.Build.0 = Release|Any CPU
		{FDDA4E33-60EB-433F-BEF8-4E8EC20F1535}.Debug|Any CPU.ActiveCfg = Debug|Any CPU
		{FDDA4E33-60EB-433F-BEF8-4E8EC20F1535}.Debug|Any CPU.Build.0 = Debug|Any CPU
		{FDDA4E33-60EB-433F-BEF8-4E8EC20F1535}.Release|Any CPU.ActiveCfg = Release|Any CPU
		{FDDA4E33-60EB-433F-BEF8-4E8EC20F1535}.Release|Any CPU.Build.0 = Release|Any CPU
	EndGlobalSection
	GlobalSection(SolutionProperties) = preSolution
		HideSolutionNode = FALSE
	EndGlobalSection
	GlobalSection(NestedProjects) = preSolution
		{95445B92-B536-4F29-89FE-0E1234975E69} = {A709C3C6-FD0C-4D5D-815B-E70DD700913B}
		{EC74A4CE-5FF1-4501-804C-1D9B5E7F1EB5} = {A709C3C6-FD0C-4D5D-815B-E70DD700913B}
		{D1CC568C-6ECC-49E1-8542-DA71225CCD42} = {A709C3C6-FD0C-4D5D-815B-E70DD700913B}
		{5DA6BD0C-6DDD-41D1-A719-E4683230A367} = {A709C3C6-FD0C-4D5D-815B-E70DD700913B}
		{C998F157-8ACD-46F2-8AC0-A0750B98F0EE} = {A709C3C6-FD0C-4D5D-815B-E70DD700913B}
		{ED0249E8-8C9E-4F9F-B776-A8402990D417} = {C89E603C-F944-407D-852F-22F3E4AE1819}
		{AAFEB5E0-5FA9-4194-953E-FC91CB19C98D} = {C89E603C-F944-407D-852F-22F3E4AE1819}
		{C824426E-6A8E-4187-A8DB-D9FFBB246DC9} = {C89E603C-F944-407D-852F-22F3E4AE1819}
		{7FE62D5B-061E-4CD7-9321-166A341C4010} = {C89E603C-F944-407D-852F-22F3E4AE1819}
		{14308966-1AAC-40EE-A0ED-74740CEA1A60} = {4F670928-7DB7-4E4E-8093-AFE03FC99360}
		{BA5BA78F-8D17-4B8F-A126-7BED13250848} = {4F670928-7DB7-4E4E-8093-AFE03FC99360}
		{D0C7CAC4-F53F-49C4-B1AC-AD7EB13BEC76} = {4F670928-7DB7-4E4E-8093-AFE03FC99360}
		{C3984E7A-471A-4AFF-B307-3AAA8532348E} = {824DB5EC-AFA0-4AFE-BCEC-BB6DFA3E1924}
		{FDDA4E33-60EB-433F-BEF8-4E8EC20F1535} = {824DB5EC-AFA0-4AFE-BCEC-BB6DFA3E1924}
	EndGlobalSection
	GlobalSection(ExtensibilityGlobals) = postSolution
		SolutionGuid = {2BA3149C-2C37-43A6-BE3C-35C4C200B08C}
	EndGlobalSection
EndGlobal
